github.com/franela/goblin v0.0.0-20211003143422-0a4f594942bf h1:NrF81UtW8gG2LBGkXFQFqlfNnvMt9WdB46sfdJY4oqc=
github.com/franela/goblin v0.0.0-20211003143422-0a4f594942bf/go.mod h1:VzmDKDJVZI3aJmnRI9VjAn9nJ8qPPsN1fqzr9dqInIo=
github.com/intdxdt/dbits v1.0.0/go.mod h1:qWY/+f1r0hePqFtMvbb1UnM5qWb5ppGmi+2XgJ1VWVQ=
github.com/intdxdt/dbits v1.0.1 h1:Xx1N1ZOeZhtP9HAQkqCUvgJrlpZKgnElJwUptHsduIg=
github.com/intdxdt/dbits v1.0.1/go.mod h1:SJoSgshMFPcRgA2sFTItp/RiosdhdGEFMwM1D4rhDFs=
github.com/intdxdt/robust v1.0.1 h1:WyyYY3C011oBAYFzBQodY+edhJTalSTrGQIEL+fZgFk=
github.com/intdxdt/robust v1.0.1/go.mod h1:vfmLO6zLX5kmDeZpZ1RwShtncYZszKySQVk8aOdaNOk=
github.com/intdxdt/twiddle v1.0.0/go.mod h1:SOM5zV/wCJBghQXBBoOEqP7r6EqhVqs8E0ohktuN4qo=
github.com/intdxdt/twiddle v1.0.1 h1:UTyO0Gcb39cE+Ofm75Qs7HUO/gNqBnethjCI7OjTR/g=
github.com/intdxdt/twiddle v1.0.1/go.mod h1:G/FflSleu/rhoWZo9VWxQ6u0oBmiGLbAJYdbiQ+cZ30=
golang.org/x/exp v0.0.0-20241004190924-225e2abe05e6 h1:1wqE9dj9NpSm04INVsJhhEUzhuDVjbcyKH91sVyPATw=
golang.org/x/exp v0.0.0-20241004190924-225e2abe05e6/go.mod h1:NQtJDoLvd6faHhE7m4T/1IY708gDefGGjR/iUW8yQQ8=
