github.com/franela/goblin v0.0.0-20211003143422-0a4f594942bf h1:NrF81UtW8gG2LBGkXFQFqlfNnvMt9WdB46sfdJY4oqc=
github.com/franela/goblin v0.0.0-20211003143422-0a4f594942bf/go.mod h1:VzmDKDJVZI3aJmnRI9VjAn9nJ8qPPsN1fqzr9dqInIo=
github.com/intdxdt/dbits v1.0.2 h1:6+9+xn8MHGWD6bpjtyeo4UJ3lEsafTtIEz0NVq13qLQ=
github.com/intdxdt/dbits v1.0.2/go.mod h1:I5ICUsGVeXC/RSxK0CLsWt+9UPLq/sQo55GsJzOG6WY=
github.com/intdxdt/robust v1.0.2 h1:/rQ1gbCc4I5XydkT5WRBvlnvTpv5kWTlddxx8l3OW7k=
github.com/intdxdt/robust v1.0.2/go.mod h1:IVgf85vTZmlu75jeKpQtK/gaUrWMHbshR8NTnLwhMVc=
github.com/intdxdt/twiddle v1.0.2 h1:T4F7rO18mboiGl2oZ1aJmkXukRtHRIhI/82E/nPnQp8=
github.com/intdxdt/twiddle v1.0.2/go.mod h1:KdjoNnWd3ftAqvwFDwHGTWHQ/CfKShr4xeFE+YWHmlo=
golang.org/x/exp v0.0.0-20241004190924-225e2abe05e6 h1:1wqE9dj9NpSm04INVsJhhEUzhuDVjbcyKH91sVyPATw=
golang.org/x/exp v0.0.0-20241004190924-225e2abe05e6/go.mod h1:NQtJDoLvd6faHhE7m4T/1IY708gDefGGjR/iUW8yQQ8=
golang.org/x/exp v0.0.0-20260112195511-716be5621a96 h1:Z/6YuSHTLOHfNFdb8zVZomZr7cqNgTJvA8+Qz75D8gU=
golang.org/x/exp v0.0.0-20260112195511-716be5621a96/go.mod h1:nzimsREAkjBCIEFtHiYkrJyT+2uy9YZJB7H1k68CXZU=
